
Microsoft Visual Studio Solution File, Format Version 12.00
# Visual Studio Version 16
VisualStudioVersion = 16.0.31624.102
MinimumVisualStudioVersion = 10.0.40219.1
Project("{9A19103F-16F7-4668-BE54-9A1E7A4F7556}") = "RaceSimulator", "RaceSimulator\RaceSimulator.csproj", "{1460ACDF-3236-4EA2-89F0-EB0464E0A6AE}"
EndProject
Project("{9A19103F-16F7-4668-BE54-9A1E7A4F7556}") = "Model", "Model\Model.csproj", "{B9867767-E316-4A95-852E-CA15D1F427FE}"
EndProject
Project("{9A19103F-16F7-4668-BE54-9A1E7A4F7556}") = "Controller", "Controller\Controller.csproj", "{4C833E2C-0A88-43E0-80C1-6E34D5CD6F0F}"
EndProject
Project("{9A19103F-16F7-4668-BE54-9A1E7A4F7556}") = "ControllerTest", "ControllerTest\ControllerTest.csproj", "{5112E129-02C6-4173-992A-AA5A34E9E75D}"
	ProjectSection(ProjectDependencies) = postProject
		{1460ACDF-3236-4EA2-89F0-EB0464E0A6AE} = {1460ACDF-3236-4EA2-89F0-EB0464E0A6AE}
	EndProjectSection
EndProject
Project("{9A19103F-16F7-4668-BE54-9A1E7A4F7556}") = "Graphics", "Graphics\Graphics.csproj", "{78C93A05-D989-4405-8C87-21E834E80539}"
	ProjectSection(ProjectDependencies) = postProject
		{5112E129-02C6-4173-992A-AA5A34E9E75D} = {5112E129-02C6-4173-992A-AA5A34E9E75D}
		{4C833E2C-0A88-43E0-80C1-6E34D5CD6F0F} = {4C833E2C-0A88-43E0-80C1-6E34D5CD6F0F}
		{B9867767-E316-4A95-852E-CA15D1F427FE} = {B9867767-E316-4A95-852E-CA15D1F427FE}
	EndProjectSection
EndProject
Global
	GlobalSection(SolutionConfigurationPlatforms) = preSolution
		Debug|Any CPU = Debug|Any CPU
		Release|Any CPU = Release|Any CPU
	EndGlobalSection
	GlobalSection(ProjectConfigurationPlatforms) = postSolution
		{1460ACDF-3236-4EA2-89F0-EB0464E0A6AE}.Debug|Any CPU.ActiveCfg = Debug|Any CPU
		{1460ACDF-3236-4EA2-89F0-EB0464E0A6AE}.Debug|Any CPU.Build.0 = Debug|Any CPU
		{1460ACDF-3236-4EA2-89F0-EB0464E0A6AE}.Release|Any CPU.ActiveCfg = Release|Any CPU
		{1460ACDF-3236-4EA2-89F0-EB0464E0A6AE}.Release|Any CPU.Build.0 = Release|Any CPU
		{B9867767-E316-4A95-852E-CA15D1F427FE}.Debug|Any CPU.ActiveCfg = Debug|Any CPU
		{B9867767-E316-4A95-852E-CA15D1F427FE}.Debug|Any CPU.Build.0 = Debug|Any CPU
		{B9867767-E316-4A95-852E-CA15D1F427FE}.Release|Any CPU.ActiveCfg = Release|Any CPU
		{B9867767-E316-4A95-852E-CA15D1F427FE}.Release|Any CPU.Build.0 = Release|Any CPU
		{4C833E2C-0A88-43E0-80C1-6E34D5CD6F0F}.Debug|Any CPU.ActiveCfg = Debug|Any CPU
		{4C833E2C-0A88-43E0-80C1-6E34D5CD6F0F}.Debug|Any CPU.Build.0 = Debug|Any CPU
		{4C833E2C-0A88-43E0-80C1-6E34D5CD6F0F}.Release|Any CPU.ActiveCfg = Release|Any CPU
		{4C833E2C-0A88-43E0-80C1-6E34D5CD6F0F}.Release|Any CPU.Build.0 = Release|Any CPU
		{5112E129-02C6-4173-992A-AA5A34E9E75D}.Debug|Any CPU.ActiveCfg = Debug|Any CPU
		{5112E129-02C6-4173-992A-AA5A34E9E75D}.Debug|Any CPU.Build.0 = Debug|Any CPU
		{5112E129-02C6-4173-992A-AA5A34E9E75D}.Release|Any CPU.ActiveCfg = Release|Any CPU
		{5112E129-02C6-4173-992A-AA5A34E9E75D}.Release|Any CPU.Build.0 = Release|Any CPU
		{78C93A05-D989-4405-8C87-21E834E80539}.Debug|Any CPU.ActiveCfg = Debug|Any CPU
		{78C93A05-D989-4405-8C87-21E834E80539}.Debug|Any CPU.Build.0 = Debug|Any CPU
		{78C93A05-D989-4405-8C87-21E834E80539}.Release|Any CPU.ActiveCfg = Release|Any CPU
		{78C93A05-D989-4405-8C87-21E834E80539}.Release|Any CPU.Build.0 = Release|Any CPU
	EndGlobalSection
	GlobalSection(SolutionProperties) = preSolution
		HideSolutionNode = FALSE
	EndGlobalSection
	GlobalSection(ExtensibilityGlobals) = postSolution
		SolutionGuid = {9B5D508F-D6B5-4A43-828A-1E233EFFBC4D}
	EndGlobalSection
EndGlobal
